
Microsoft Visual Studio Solution File, Format Version 12.00
# Visual Studio Version 17
VisualStudioVersion = 17.4.33122.133
MinimumVisualStudioVersion = 10.0.40219.1
Project("{00D1A9C2-B5F0-4AF3-8072-F6C62B433612}") = "Exam1", "Exam1\Exam1.sqlproj", "{815A5159-62D0-4ACD-863A-4E7835AB0290}"
EndProject
Project("{00D1A9C2-B5F0-4AF3-8072-F6C62B433612}") = "Exam2", "..\..\Exam2\Exam2.sqlproj", "{AD157F62-5748-48CC-AB1E-EB403A32640C}"
EndProject
Project("{00D1A9C2-B5F0-4AF3-8072-F6C62B433612}") = "Exam3", "..\..\Exam3\Exam3\Exam3.sqlproj", "{A53069C1-8AC4-4E71-9984-153BD3BB2685}"
EndProject
Global
	GlobalSection(SolutionConfigurationPlatforms) = preSolution
		Debug|Any CPU = Debug|Any CPU
		Release|Any CPU = Release|Any CPU
	EndGlobalSection
	GlobalSection(ProjectConfigurationPlatforms) = postSolution
		{815A5159-62D0-4ACD-863A-4E7835AB0290}.Debug|Any CPU.ActiveCfg = Debug|Any CPU
		{815A5159-62D0-4ACD-863A-4E7835AB0290}.Debug|Any CPU.Build.0 = Debug|Any CPU
		{815A5159-62D0-4ACD-863A-4E7835AB0290}.Debug|Any CPU.Deploy.0 = Debug|Any CPU
		{815A5159-62D0-4ACD-863A-4E7835AB0290}.Release|Any CPU.ActiveCfg = Release|Any CPU
		{815A5159-62D0-4ACD-863A-4E7835AB0290}.Release|Any CPU.Build.0 = Release|Any CPU
		{815A5159-62D0-4ACD-863A-4E7835AB0290}.Release|Any CPU.Deploy.0 = Release|Any CPU
		{AD157F62-5748-48CC-AB1E-EB403A32640C}.Debug|Any CPU.ActiveCfg = Debug|Any CPU
		{AD157F62-5748-48CC-AB1E-EB403A32640C}.Debug|Any CPU.Build.0 = Debug|Any CPU
		{AD157F62-5748-48CC-AB1E-EB403A32640C}.Debug|Any CPU.Deploy.0 = Debug|Any CPU
		{AD157F62-5748-48CC-AB1E-EB403A32640C}.Release|Any CPU.ActiveCfg = Release|Any CPU
		{AD157F62-5748-48CC-AB1E-EB403A32640C}.Release|Any CPU.Build.0 = Release|Any CPU
		{AD157F62-5748-48CC-AB1E-EB403A32640C}.Release|Any CPU.Deploy.0 = Release|Any CPU
		{A53069C1-8AC4-4E71-9984-153BD3BB2685}.Debug|Any CPU.ActiveCfg = Debug|Any CPU
		{A53069C1-8AC4-4E71-9984-153BD3BB2685}.Debug|Any CPU.Build.0 = Debug|Any CPU
		{A53069C1-8AC4-4E71-9984-153BD3BB2685}.Debug|Any CPU.Deploy.0 = Debug|Any CPU
		{A53069C1-8AC4-4E71-9984-153BD3BB2685}.Release|Any CPU.ActiveCfg = Release|Any CPU
		{A53069C1-8AC4-4E71-9984-153BD3BB2685}.Release|Any CPU.Build.0 = Release|Any CPU
		{A53069C1-8AC4-4E71-9984-153BD3BB2685}.Release|Any CPU.Deploy.0 = Release|Any CPU
	EndGlobalSection
	GlobalSection(SolutionProperties) = preSolution
		HideSolutionNode = FALSE
	EndGlobalSection
	GlobalSection(ExtensibilityGlobals) = postSolution
		SolutionGuid = {0C900E2B-0B51-43E0-A8F7-E5F973829E0A}
	EndGlobalSection
EndGlobal
